
Microsoft Visual Studio Solution File, Format Version 12.00
# Visual Studio Version 17
VisualStudioVersion = 17.0.31919.166
MinimumVisualStudioVersion = 10.0.40219.1
Project("{FAE04EC0-301F-11D3-BF4B-00C04F79EFBC}") = "kütüphaneotomasyon", "kütüphaneotomasyon\kütüphaneotomasyon.csproj", "{2A21AB1D-663E-4385-937C-CED7629E8E1A}"
EndProject
Global
	GlobalSection(SolutionConfigurationPlatforms) = preSolution
		Debug|Any CPU = Debug|Any CPU
		Release|Any CPU = Release|Any CPU
	EndGlobalSection
	GlobalSection(ProjectConfigurationPlatforms) = postSolution
		{2A21AB1D-663E-4385-937C-CED7629E8E1A}.Debug|Any CPU.ActiveCfg = Debug|Any CPU
		{2A21AB1D-663E-4385-937C-CED7629E8E1A}.Debug|Any CPU.Build.0 = Debug|Any CPU
		{2A21AB1D-663E-4385-937C-CED7629E8E1A}.Release|Any CPU.ActiveCfg = Release|Any CPU
		{2A21AB1D-663E-4385-937C-CED7629E8E1A}.Release|Any CPU.Build.0 = Release|Any CPU
	EndGlobalSection
	GlobalSection(SolutionProperties) = preSolution
		HideSolutionNode = FALSE
	EndGlobalSection
	GlobalSection(ExtensibilityGlobals) = postSolution
		SolutionGuid = {2719BCA3-775C-4B5E-911B-2B92E5786000}
	EndGlobalSection
EndGlobal
